{
    "name": "raspberriPi",
    "version": "1.0.0",
    "lockfileVersion": 3,
    "requires": true,
    "packages": {
        "": {
            "name": "raspberriPi",
            "version": "1.0.0",
            "dependencies": {
                "5x5_rgb_pimoroni": "^1.1.0",
                "apa102-spi": "^0.0.6",
                "i2c-bus": "^5.2.2",
                "meteofrance_api": "^1.0.3",
                "node-mcp23017": "^0.1.0",
                "onoff": "^6.0.3",
                "png-js": "^1.0.0",
                "rpi-led-matrix": "^1.14.0",
                "rpi-ws281x-native": "^1.0.4",
                "scroll-controller": "^1.1.1",
                "serialport": "^11.0.0"
            },
            "devDependencies": {
                "nodemon": "^2.0.22"
            }
        },
        "node_modules/@serialport/binding-mock": {
            "version": "10.2.2",
            "resolved": "https://registry.npmjs.org/@serialport/binding-mock/-/binding-mock-10.2.2.tgz",
            "integrity": "sha512-HAFzGhk9OuFMpuor7aT5G1ChPgn5qSsklTFOTUX72Rl6p0xwcSVsRtG/xaGp6bxpN7fI9D/S8THLBWbBgS6ldw==",
            "dependencies": {
                "@serialport/bindings-interface": "^1.2.1",
                "debug": "^4.3.3"
            },
            "engines": {
                "node": ">=12.0.0"
            }
        },
        "node_modules/@serialport/binding-mock/node_modules/debug": {
            "version": "4.3.4",
            "resolved": "https://registry.npmjs.org/debug/-/debug-4.3.4.tgz",
            "integrity": "sha512-PRWFHuSU3eDtQJPvnNY7Jcket1j0t5OuOsFzPPzsekD52Zl8qUfFIPEiswXqIvHWGVHOgX+7G/vCNNhehwxfkQ==",
            "dependencies": {
                "ms": "2.1.2"
            },
            "engines": {
                "node": ">=6.0"
            },
            "peerDependenciesMeta": {
                "supports-color": {
                    "optional": true
                }
            }
        },
        "node_modules/@serialport/binding-mock/node_modules/ms": {
            "version": "2.1.2",
            "resolved": "https://registry.npmjs.org/ms/-/ms-2.1.2.tgz",
            "integrity": "sha512-sGkPx+VjMtmA6MX27oA4FBFELFCZZ4S4XqeGOXCv68tT+jb3vk/RyaKWP0PTKyWtmLSM0b+adUTEvbs1PEaH2w=="
        },
        "node_modules/@serialport/bindings-cpp": {
            "version": "11.0.1",
            "resolved": "https://registry.npmjs.org/@serialport/bindings-cpp/-/bindings-cpp-11.0.1.tgz",
            "integrity": "sha512-3I1mniVg3osYuIUXxU0jB5AHPsxWmErmc3JC3WfUSlfXsjWMHkHfFzbW9Scuv/z/6DLCJIDyltabRa2FoW2qsQ==",
            "hasInstallScript": true,
            "dependencies": {
                "@serialport/bindings-interface": "1.2.2",
                "@serialport/parser-readline": "10.5.0",
                "debug": "4.3.4",
                "node-addon-api": "6.1.0",
                "node-gyp-build": "4.6.0"
            },
            "engines": {
                "node": ">=14.0.0"
            },
            "funding": {
                "url": "https://opencollective.com/serialport/donate"
            }
        },
        "node_modules/@serialport/bindings-cpp/node_modules/@serialport/parser-delimiter": {
            "version": "10.5.0",
            "resolved": "https://registry.npmjs.org/@serialport/parser-delimiter/-/parser-delimiter-10.5.0.tgz",
            "integrity": "sha512-/uR/yT3jmrcwnl2FJU/2ySvwgo5+XpksDUR4NF/nwTS5i3CcuKS+FKi/tLzy1k8F+rCx5JzpiK+koqPqOUWArA==",
            "engines": {
                "node": ">=12.0.0"
            },
            "funding": {
                "url": "https://opencollective.com/serialport/donate"
            }
        },
        "node_modules/@serialport/bindings-cpp/node_modules/@serialport/parser-readline": {
            "version": "10.5.0",
            "resolved": "https://registry.npmjs.org/@serialport/parser-readline/-/parser-readline-10.5.0.tgz",
            "integrity": "sha512-0aXJknodcl94W9zSjvU+sLdXiyEG2rqjQmvBWZCr8wJZjWEtv3RgrnYiWq4i2OTOyC8C/oPK8ZjpBjQptRsoJQ==",
            "dependencies": {
                "@serialport/parser-delimiter": "10.5.0"
            },
            "engines": {
                "node": ">=12.0.0"
            },
            "funding": {
                "url": "https://opencollective.com/serialport/donate"
            }
        },
        "node_modules/@serialport/bindings-cpp/node_modules/debug": {
            "version": "4.3.4",
            "resolved": "https://registry.npmjs.org/debug/-/debug-4.3.4.tgz",
            "integrity": "sha512-PRWFHuSU3eDtQJPvnNY7Jcket1j0t5OuOsFzPPzsekD52Zl8qUfFIPEiswXqIvHWGVHOgX+7G/vCNNhehwxfkQ==",
            "dependencies": {
                "ms": "2.1.2"
            },
            "engines": {
                "node": ">=6.0"
            },
            "peerDependenciesMeta": {
                "supports-color": {
                    "optional": true
                }
            }
        },
        "node_modules/@serialport/bindings-cpp/node_modules/ms": {
            "version": "2.1.2",
            "resolved": "https://registry.npmjs.org/ms/-/ms-2.1.2.tgz",
            "integrity": "sha512-sGkPx+VjMtmA6MX27oA4FBFELFCZZ4S4XqeGOXCv68tT+jb3vk/RyaKWP0PTKyWtmLSM0b+adUTEvbs1PEaH2w=="
        },
        "node_modules/@serialport/bindings-cpp/node_modules/node-addon-api": {
            "version": "6.1.0",
            "resolved": "https://registry.npmjs.org/node-addon-api/-/node-addon-api-6.1.0.tgz",
            "integrity": "sha512-+eawOlIgy680F0kBzPUNFhMZGtJ1YmqM6l4+Crf4IkImjYrO/mqPwRMh352g23uIaQKFItcQ64I7KMaJxHgAVA=="
        },
        "node_modules/@serialport/bindings-interface": {
            "version": "1.2.2",
            "resolved": "https://registry.npmjs.org/@serialport/bindings-interface/-/bindings-interface-1.2.2.tgz",
            "integrity": "sha512-CJaUd5bLvtM9c5dmO9rPBHPXTa9R2UwpkJ0wdh9JCYcbrPWsKz+ErvR0hBLeo7NPeiFdjFO4sonRljiw4d2XiA==",
            "engines": {
                "node": "^12.22 || ^14.13 || >=16"
            }
        },
        "node_modules/@serialport/parser-byte-length": {
            "version": "11.0.0",
            "resolved": "https://registry.npmjs.org/@serialport/parser-byte-length/-/parser-byte-length-11.0.0.tgz",
            "integrity": "sha512-rExsdFKdzOIHOBqTwzxUF1A9nrluVIZKZOtvMq5i0Hc3euooGdmkx0VXYNRlI2rd6kJLTL2P+uIR+ZtCTRyT+w==",
            "engines": {
                "node": ">=12.0.0"
            },
            "funding": {
                "url": "https://opencollective.com/serialport/donate"
            }
        },
        "node_modules/@serialport/parser-cctalk": {
            "version": "11.0.0",
            "resolved": "https://registry.npmjs.org/@serialport/parser-cctalk/-/parser-cctalk-11.0.0.tgz",
            "integrity": "sha512-eN1MvEIFwI4GedWJhte6eWF+NZtrjchZbMf0CE6NV9TRzJI1KLnFf90ZOj/mhGuANojX4sqWfJKQXwN6E8VSHQ==",
            "engines": {
                "node": ">=12.0.0"
            },
            "funding": {
                "url": "https://opencollective.com/serialport/donate"
            }
        },
        "node_modules/@serialport/parser-delimiter": {
            "version": "11.0.0",
            "resolved": "https://registry.npmjs.org/@serialport/parser-delimiter/-/parser-delimiter-11.0.0.tgz",
            "integrity": "sha512-aZLJhlRTjSmEwllLG7S4J8s8ctRAS0cbvCpO87smLvl3e4BgzbVgF6Z6zaJd3Aji2uSiYgfedCdNc4L6W+1E2g==",
            "engines": {
                "node": ">=12.0.0"
            },
            "funding": {
                "url": "https://opencollective.com/serialport/donate"
            }
        },
        "node_modules/@serialport/parser-inter-byte-timeout": {
            "version": "11.0.0",
            "resolved": "https://registry.npmjs.org/@serialport/parser-inter-byte-timeout/-/parser-inter-byte-timeout-11.0.0.tgz",
            "integrity": "sha512-RLgqZC50IET6FtEIt6Oi0vdRsesSBWLNwB7ldzR9OzyXKgK0XHRzqKqbB0u5Q+tC5OScdWeiQ2AO6jooKUZtsw==",
            "engines": {
                "node": ">=12.0.0"
            },
            "funding": {
                "url": "https://opencollective.com/serialport/donate"
            }
        },
        "node_modules/@serialport/parser-packet-length": {
            "version": "11.0.0",
            "resolved": "https://registry.npmjs.org/@serialport/parser-packet-length/-/parser-packet-length-11.0.0.tgz",
            "integrity": "sha512-6ZkOiaCooabpV/EM7ttSRbisbDWpGEf7Yxyr13t28LicYR43THRdjdMZcRnWxEM/jpwfskkLLXAR6wziVpKrlw==",
            "engines": {
                "node": ">=8.6.0"
            }
        },
        "node_modules/@serialport/parser-readline": {
            "version": "11.0.0",
            "resolved": "https://registry.npmjs.org/@serialport/parser-readline/-/parser-readline-11.0.0.tgz",
            "integrity": "sha512-rRAivhRkT3YO28WjmmG4FQX6L+KMb5/ikhyylRfzWPw0nSXy97+u07peS9CbHqaNvJkMhH1locp2H36aGMOEIA==",
            "dependencies": {
                "@serialport/parser-delimiter": "11.0.0"
            },
            "engines": {
                "node": ">=12.0.0"
            },
            "funding": {
                "url": "https://opencollective.com/serialport/donate"
            }
        },
        "node_modules/@serialport/parser-ready": {
            "version": "11.0.0",
            "resolved": "https://registry.npmjs.org/@serialport/parser-ready/-/parser-ready-11.0.0.tgz",
            "integrity": "sha512-lSsCPIctoc5kADCKnZDYBz1j69TsFqtnaWUicBzUAIAoUXpYKeYld8YX5NrvjViuVfIJeiqLZeGjxOWe5fqQqQ==",
            "engines": {
                "node": ">=12.0.0"
            },
            "funding": {
                "url": "https://opencollective.com/serialport/donate"
            }
        },
        "node_modules/@serialport/parser-regex": {
            "version": "11.0.0",
            "resolved": "https://registry.npmjs.org/@serialport/parser-regex/-/parser-regex-11.0.0.tgz",
            "integrity": "sha512-aKuc/+/KE9swahTbYpSuOsQa7LggPx7jhfobJLPVVbAic80OpfCIY+MKr6Ax4R6UtQwF90O5Yk6OEmbbvtEmiA==",
            "engines": {
                "node": ">=12.0.0"
            },
            "funding": {
                "url": "https://opencollective.com/serialport/donate"
            }
        },
        "node_modules/@serialport/parser-slip-encoder": {
            "version": "11.0.0",
            "resolved": "https://registry.npmjs.org/@serialport/parser-slip-encoder/-/parser-slip-encoder-11.0.0.tgz",
            "integrity": "sha512-3ZI/swd2it20vmu2tzqDbkyE4dqy+kExEDY6T33YQ210HDKPVhqj7FAVGo5P++MZ3dup1of11t4P9UPBNkuJnQ==",
            "engines": {
                "node": ">=12.0.0"
            },
            "funding": {
                "url": "https://opencollective.com/serialport/donate"
            }
        },
        "node_modules/@serialport/parser-spacepacket": {
            "version": "11.0.0",
            "resolved": "https://registry.npmjs.org/@serialport/parser-spacepacket/-/parser-spacepacket-11.0.0.tgz",
            "integrity": "sha512-+hqRckrTEqz+/uAUZY0Tq6YIRyCl4oQOH1MeVzKiFiGNjZP7hDJCDoY7LTr9CeJhxvcT0ItTbtjGBqGumV8fxg==",
            "engines": {
                "node": ">=12.0.0"
            },
            "funding": {
                "url": "https://opencollective.com/serialport/donate"
            }
        },
        "node_modules/@serialport/stream": {
            "version": "11.0.0",
            "resolved": "https://registry.npmjs.org/@serialport/stream/-/stream-11.0.0.tgz",
            "integrity": "sha512-Zty7B8C1H2XRnay2mVmW1ygEHXRHXQDcaC5wAVvOZMbQSc7ye03rMlPvviDS+pGxU2t2A2bMo34CUrRduSBong==",
            "dependencies": {
                "@serialport/bindings-interface": "1.2.2",
                "debug": "4.3.4"
            },
            "engines": {
                "node": ">=12.0.0"
            },
            "funding": {
                "url": "https://opencollective.com/serialport/donate"
            }
        },
        "node_modules/@serialport/stream/node_modules/debug": {
            "version": "4.3.4",
            "resolved": "https://registry.npmjs.org/debug/-/debug-4.3.4.tgz",
            "integrity": "sha512-PRWFHuSU3eDtQJPvnNY7Jcket1j0t5OuOsFzPPzsekD52Zl8qUfFIPEiswXqIvHWGVHOgX+7G/vCNNhehwxfkQ==",
            "dependencies": {
                "ms": "2.1.2"
            },
            "engines": {
                "node": ">=6.0"
            },
            "peerDependenciesMeta": {
                "supports-color": {
                    "optional": true
                }
            }
        },
        "node_modules/@serialport/stream/node_modules/ms": {
            "version": "2.1.2",
            "resolved": "https://registry.npmjs.org/ms/-/ms-2.1.2.tgz",
            "integrity": "sha512-sGkPx+VjMtmA6MX27oA4FBFELFCZZ4S4XqeGOXCv68tT+jb3vk/RyaKWP0PTKyWtmLSM0b+adUTEvbs1PEaH2w=="
        },
        "node_modules/5x5_rgb_pimoroni": {
            "version": "1.1.0",
            "resolved": "https://registry.npmjs.org/5x5_rgb_pimoroni/-/5x5_rgb_pimoroni-1.1.0.tgz",
            "integrity": "sha512-7w1SFTeDElCxOP6kofY6P7At1FJexR6u+ST7ceGqNOHqgbmwc9ybW/uAcx9equrCkrrUFwjQNKMtKQ4n6ux5jw==",
            "dependencies": {
                "axios": "^1.4.0",
                "i2c-bus": "^5.2.2"
            }
        },
        "node_modules/abbrev": {
            "version": "1.1.1",
            "resolved": "https://registry.npmjs.org/abbrev/-/abbrev-1.1.1.tgz",
            "integrity": "sha512-nne9/IiQ/hzIhY6pdDnbBtz7DjPTKrY00P/zvPSm5pOFkl6xuGrGnXn/VtTNNfNtAfZ9/1RtehkszU9qcTii0Q==",
            "dev": true
        },
        "node_modules/anymatch": {
            "version": "3.1.3",
            "resolved": "https://registry.npmjs.org/anymatch/-/anymatch-3.1.3.tgz",
            "integrity": "sha512-KMReFUr0B4t+D+OBkjR3KYqvocp2XaSzO55UcB6mgQMd3KbcE+mWTyvVV7D/zsdEbNnV6acZUutkiHQXvTr1Rw==",
            "dev": true,
            "dependencies": {
                "normalize-path": "^3.0.0",
                "picomatch": "^2.0.4"
            },
            "engines": {
                "node": ">= 8"
            }
        },
        "node_modules/apa102-spi": {
            "version": "0.0.6",
            "resolved": "https://registry.npmjs.org/apa102-spi/-/apa102-spi-0.0.6.tgz",
            "integrity": "sha512-lEBW95oMohF/cu9jRacWvI45tgQ7dMOYp9XnRHJCvSI+WiMOUfZam7P2Qi8dso+vdXIQceJ5IgLH/zTduCv7mg==",
            "dependencies": {
                "rpio": ">1.2.0"
            }
        },
        "node_modules/asynckit": {
            "version": "0.4.0",
            "resolved": "https://registry.npmjs.org/asynckit/-/asynckit-0.4.0.tgz",
            "integrity": "sha512-Oei9OH4tRh0YqU3GxhX79dM/mwVgvbZJaSNaRk+bshkj0S5cfHcgYakreBjrHwatXKbz+IoIdYLxrKim2MjW0Q=="
        },
        "node_modules/axios": {
            "version": "1.4.0",
            "resolved": "https://registry.npmjs.org/axios/-/axios-1.4.0.tgz",
            "integrity": "sha512-S4XCWMEmzvo64T9GfvQDOXgYRDJ/wsSZc7Jvdgx5u1sd0JwsuPLqb3SYmusag+edF6ziyMensPVqLTSc1PiSEA==",
            "dependencies": {
                "follow-redirects": "^1.15.0",
                "form-data": "^4.0.0",
                "proxy-from-env": "^1.1.0"
            }
        },
        "node_modules/balanced-match": {
            "version": "1.0.2",
            "resolved": "https://registry.npmjs.org/balanced-match/-/balanced-match-1.0.2.tgz",
            "integrity": "sha512-3oSeUO0TMV67hN1AmbXsK4yaqU7tjiHlbxRDZOpH0KW9+CeX4bRAaX0Anxt0tx2MrpRpWwQaPwIlISEJhYU5Pw==",
            "dev": true
        },
        "node_modules/binary-extensions": {
            "version": "2.2.0",
            "resolved": "https://registry.npmjs.org/binary-extensions/-/binary-extensions-2.2.0.tgz",
            "integrity": "sha512-jDctJ/IVQbZoJykoeHbhXpOlNBqGNcwXJKJog42E5HDPUwQTSdjCHdihjj0DlnheQ7blbT6dHOafNAiS8ooQKA==",
            "dev": true,
            "engines": {
                "node": ">=8"
            }
        },
        "node_modules/bindings": {
            "version": "1.5.0",
            "resolved": "https://registry.npmjs.org/bindings/-/bindings-1.5.0.tgz",
            "integrity": "sha512-p2q/t/mhvuOj/UeLlV6566GD/guowlr0hHxClI0W9m7MWYkL1F0hLo+0Aexs9HSPCtR1SXQ0TD3MMKrXZajbiQ==",
            "dependencies": {
                "file-uri-to-path": "1.0.0"
            }
        },
        "node_modules/brace-expansion": {
            "version": "1.1.11",
            "resolved": "https://registry.npmjs.org/brace-expansion/-/brace-expansion-1.1.11.tgz",
            "integrity": "sha512-iCuPHDFgrHX7H2vEI/5xpz07zSHB00TpugqhmYtVmMO6518mCuRMoOYFldEBl0g187ufozdaHgWKcYFb61qGiA==",
            "dev": true,
            "dependencies": {
                "balanced-match": "^1.0.0",
                "concat-map": "0.0.1"
            }
        },
        "node_modules/braces": {
            "version": "3.0.2",
            "resolved": "https://registry.npmjs.org/braces/-/braces-3.0.2.tgz",
            "integrity": "sha512-b8um+L1RzM3WDSzvhm6gIz1yfTbBt6YTlcEKAvsmqCZZFw46z626lVj9j1yEPW33H5H+lBQpZMP1k8l+78Ha0A==",
            "dev": true,
            "dependencies": {
                "fill-range": "^7.0.1"
            },
            "engines": {
                "node": ">=8"
            }
        },
        "node_modules/chokidar": {
            "version": "3.5.3",
            "resolved": "https://registry.npmjs.org/chokidar/-/chokidar-3.5.3.tgz",
            "integrity": "sha512-Dr3sfKRP6oTcjf2JmUmFJfeVMvXBdegxB0iVQ5eb2V10uFJUCAS8OByZdVAyVb8xXNz3GjjTgj9kLWsZTqE6kw==",
            "dev": true,
            "funding": [
                {
                    "type": "individual",
                    "url": "https://paulmillr.com/funding/"
                }
            ],
            "dependencies": {
                "anymatch": "~3.1.2",
                "braces": "~3.0.2",
                "glob-parent": "~5.1.2",
                "is-binary-path": "~2.1.0",
                "is-glob": "~4.0.1",
                "normalize-path": "~3.0.0",
                "readdirp": "~3.6.0"
            },
            "engines": {
                "node": ">= 8.10.0"
            },
            "optionalDependencies": {
                "fsevents": "~2.3.2"
            }
        },
        "node_modules/combined-stream": {
            "version": "1.0.8",
            "resolved": "https://registry.npmjs.org/combined-stream/-/combined-stream-1.0.8.tgz",
            "integrity": "sha512-FQN4MRfuJeHf7cBbBMJFXhKSDq+2kAArBlmRBvcvFE5BB1HZKXtSFASDhdlz9zOYwxh8lDdnvmMOe/+5cdoEdg==",
            "dependencies": {
                "delayed-stream": "~1.0.0"
            },
            "engines": {
                "node": ">= 0.8"
            }
        },
        "node_modules/concat-map": {
            "version": "0.0.1",
            "resolved": "https://registry.npmjs.org/concat-map/-/concat-map-0.0.1.tgz",
            "integrity": "sha512-/Srv4dswyQNBfohGpz9o6Yb3Gz3SrUDqBH5rTuhGR7ahtlbYKnVxw2bCFMRljaA7EXHaXZ8wsHdodFvbkhKmqg==",
            "dev": true
        },
        "node_modules/debug": {
            "version": "3.2.7",
            "resolved": "https://registry.npmjs.org/debug/-/debug-3.2.7.tgz",
            "integrity": "sha512-CFjzYYAi4ThfiQvizrFQevTTXHtnCqWfe7x1AhgEscTz6ZbLbfoLRLPugTQyBth6f8ZERVUSyWHFD/7Wu4t1XQ==",
            "dev": true,
            "dependencies": {
                "ms": "^2.1.1"
            }
        },
        "node_modules/delayed-stream": {
            "version": "1.0.0",
            "resolved": "https://registry.npmjs.org/delayed-stream/-/delayed-stream-1.0.0.tgz",
            "integrity": "sha512-ZySD7Nf91aLB0RxL4KGrKHBXl7Eds1DAmEdcoVawXnLD7SDhpNgtuII2aAkg7a7QS41jxPSZ17p4VdGnMHk3MQ==",
            "engines": {
                "node": ">=0.4.0"
            }
        },
        "node_modules/dom-eventer": {
            "version": "1.2.0",
            "resolved": "https://registry.npmjs.org/dom-eventer/-/dom-eventer-1.2.0.tgz",
            "integrity": "sha512-SosyENVvlPBEkxFtDCiFMBLoNlpaUOXvRfcVIhu8dAtfepJwS4lEITbQ2Meg9umlS/Pbx+cZybJeNdMNOifU8Q=="
        },
        "node_modules/emitter-helper": {
            "version": "1.1.0",
            "resolved": "https://registry.npmjs.org/emitter-helper/-/emitter-helper-1.1.0.tgz",
            "integrity": "sha512-mYAAfBGqn9j/igX/TfS4P8a/sxjSHsNKwlrglQpfTFAqRIjoDzclk4YvDS0RktrwaB9qpulXo3idesu2+pnQ4g=="
        },
        "node_modules/epoll": {
            "version": "4.0.1",
            "resolved": "https://registry.npmjs.org/epoll/-/epoll-4.0.1.tgz",
            "integrity": "sha512-BgCq0nEsk+XI7y9qjrRtt9uXsyFEdvevvq42xl6t/hKZjxLSDZreD9rTZ0pU40V//c3Zzk2PZGuIsn8YJHSJ4g==",
            "hasInstallScript": true,
            "dependencies": {
                "bindings": "^1.5.0",
                "nan": "^2.14.2"
            },
            "engines": {
                "node": ">=10.0.0"
            }
        },
        "node_modules/file-uri-to-path": {
            "version": "1.0.0",
            "resolved": "https://registry.npmjs.org/file-uri-to-path/-/file-uri-to-path-1.0.0.tgz",
            "integrity": "sha512-0Zt+s3L7Vf1biwWZ29aARiVYLx7iMGnEUl9x33fbB/j3jR81u/O2LbqK+Bm1CDSNDKVtJ/YjwY7TUd5SkeLQLw=="
        },
        "node_modules/fill-range": {
            "version": "7.0.1",
            "resolved": "https://registry.npmjs.org/fill-range/-/fill-range-7.0.1.tgz",
            "integrity": "sha512-qOo9F+dMUmC2Lcb4BbVvnKJxTPjCm+RRpe4gDuGrzkL7mEVl/djYSu2OdQ2Pa302N4oqkSg9ir6jaLWJ2USVpQ==",
            "dev": true,
            "dependencies": {
                "to-regex-range": "^5.0.1"
            },
            "engines": {
                "node": ">=8"
            }
        },
        "node_modules/follow-redirects": {
            "version": "1.15.2",
            "resolved": "https://registry.npmjs.org/follow-redirects/-/follow-redirects-1.15.2.tgz",
            "integrity": "sha512-VQLG33o04KaQ8uYi2tVNbdrWp1QWxNNea+nmIB4EVM28v0hmP17z7aG1+wAkNzVq4KeXTq3221ye5qTJP91JwA==",
            "funding": [
                {
                    "type": "individual",
                    "url": "https://github.com/sponsors/RubenVerborgh"
                }
            ],
            "engines": {
                "node": ">=4.0"
            },
            "peerDependenciesMeta": {
                "debug": {
                    "optional": true
                }
            }
        },
        "node_modules/form-data": {
            "version": "4.0.0",
            "resolved": "https://registry.npmjs.org/form-data/-/form-data-4.0.0.tgz",
            "integrity": "sha512-ETEklSGi5t0QMZuiXoA/Q6vcnxcLQP5vdugSpuAyi6SVGi2clPPp+xgEhuMaHC+zGgn31Kd235W35f7Hykkaww==",
            "dependencies": {
                "asynckit": "^0.4.0",
                "combined-stream": "^1.0.8",
                "mime-types": "^2.1.12"
            },
            "engines": {
                "node": ">= 6"
            }
        },
        "node_modules/fsevents": {
            "version": "2.3.2",
            "resolved": "https://registry.npmjs.org/fsevents/-/fsevents-2.3.2.tgz",
            "integrity": "sha512-xiqMQR4xAeHTuB9uWm+fFRcIOgKBMiOBP+eXiyT7jsgVCq1bkVygt00oASowB7EdtpOHaaPgKt812P9ab+DDKA==",
            "dev": true,
            "hasInstallScript": true,
            "optional": true,
            "os": [
                "darwin"
            ],
            "engines": {
                "node": "^8.16.0 || ^10.6.0 || >=11.0.0"
            }
        },
        "node_modules/glob-parent": {
            "version": "5.1.2",
            "resolved": "https://registry.npmjs.org/glob-parent/-/glob-parent-5.1.2.tgz",
            "integrity": "sha512-AOIgSQCepiJYwP3ARnGx+5VnTu2HBYdzbGP45eLw1vr3zB3vZLeyed1sC9hnbcOc9/SrMyM5RPQrkGz4aS9Zow==",
            "dev": true,
            "dependencies": {
                "is-glob": "^4.0.1"
            },
            "engines": {
                "node": ">= 6"
            }
        },
        "node_modules/has-flag": {
            "version": "3.0.0",
            "resolved": "https://registry.npmjs.org/has-flag/-/has-flag-3.0.0.tgz",
            "integrity": "sha512-sKJf1+ceQBr4SMkvQnBDNDtf4TXpVhVGateu0t918bl30FnbE2m4vNLX+VWe/dpjlb+HugGYzW7uQXH98HPEYw==",
            "dev": true,
            "engines": {
                "node": ">=4"
            }
        },
        "node_modules/i2c-bus": {
            "version": "5.2.2",
            "resolved": "https://registry.npmjs.org/i2c-bus/-/i2c-bus-5.2.2.tgz",
            "integrity": "sha512-b2y/et08rqggEjqod6QxV0Ng+RlSkZXsdE+E1aZEQBahepZ9uFD9XfA77Y8O9SgyhwfGEn+CNxsw0gvXW1/m4g==",
            "hasInstallScript": true,
            "dependencies": {
                "bindings": "^1.5.0",
                "nan": "^2.14.2"
            },
            "engines": {
                "node": ">=10.0.0"
            }
        },
        "node_modules/ignore-by-default": {
            "version": "1.0.1",
            "resolved": "https://registry.npmjs.org/ignore-by-default/-/ignore-by-default-1.0.1.tgz",
            "integrity": "sha512-Ius2VYcGNk7T90CppJqcIkS5ooHUZyIQK+ClZfMfMNFEF9VSE73Fq+906u/CWu92x4gzZMWOwfFYckPObzdEbA==",
            "dev": true
        },
        "node_modules/is-binary-path": {
            "version": "2.1.0",
            "resolved": "https://registry.npmjs.org/is-binary-path/-/is-binary-path-2.1.0.tgz",
            "integrity": "sha512-ZMERYes6pDydyuGidse7OsHxtbI7WVeUEozgR/g7rd0xUimYNlvZRE/K2MgZTjWy725IfelLeVcEM97mmtRGXw==",
            "dev": true,
            "dependencies": {
                "binary-extensions": "^2.0.0"
            },
            "engines": {
                "node": ">=8"
            }
        },
        "node_modules/is-extglob": {
            "version": "2.1.1",
            "resolved": "https://registry.npmjs.org/is-extglob/-/is-extglob-2.1.1.tgz",
            "integrity": "sha512-SbKbANkN603Vi4jEZv49LeVJMn4yGwsbzZworEoyEiutsN3nJYdbO36zfhGJ6QEDpOZIFkDtnq5JRxmvl3jsoQ==",
            "dev": true,
            "engines": {
                "node": ">=0.10.0"
            }
        },
        "node_modules/is-glob": {
            "version": "4.0.3",
            "resolved": "https://registry.npmjs.org/is-glob/-/is-glob-4.0.3.tgz",
            "integrity": "sha512-xelSayHH36ZgE7ZWhli7pW34hNbNl8Ojv5KVmkJD4hBdD3th8Tfk9vYasLM+mXWOZhFkgZfxhLSnrwRr4elSSg==",
            "dev": true,
            "dependencies": {
                "is-extglob": "^2.1.1"
            },
            "engines": {
                "node": ">=0.10.0"
            }
        },
        "node_modules/is-number": {
            "version": "7.0.0",
            "resolved": "https://registry.npmjs.org/is-number/-/is-number-7.0.0.tgz",
            "integrity": "sha512-41Cifkg6e8TylSpdtTpeLVMqvSBEVzTttHvERD741+pnZ8ANv0004MRL43QKPDlK9cGvNp6NZWZUBlbGXYxxng==",
            "dev": true,
            "engines": {
                "node": ">=0.12.0"
            }
        },
        "node_modules/lodash.debounce": {
            "version": "4.0.8",
            "resolved": "https://registry.npmjs.org/lodash.debounce/-/lodash.debounce-4.0.8.tgz",
            "integrity": "sha512-FT1yDzDYEoYWhnSGnpE/4Kj1fLZkDFyqRb7fNt6FdYOSxlUWAtp42Eh6Wb0rGIv/m9Bgo7x4GhQbm5Ys4SG5ow=="
        },
        "node_modules/meteofrance_api": {
            "version": "1.0.3",
            "resolved": "https://registry.npmjs.org/meteofrance_api/-/meteofrance_api-1.0.3.tgz",
            "integrity": "sha512-uT8PiE3nMHheYlJneRZuqVUBm34VXZKzMbVk0bjsTAGvetE3qWaDlkPEmlv5BUb2O2rWAlw5SuoguvYgYGXC7Q==",
            "dependencies": {
                "axios": "^1.4.0"
            }
        },
        "node_modules/mime-db": {
            "version": "1.52.0",
            "resolved": "https://registry.npmjs.org/mime-db/-/mime-db-1.52.0.tgz",
            "integrity": "sha512-sPU4uV7dYlvtWJxwwxHD0PuihVNiE7TyAbQ5SWxDCB9mUYvOgroQOwYQQOKPJ8CIbE+1ETVlOoK1UC2nU3gYvg==",
            "engines": {
                "node": ">= 0.6"
            }
        },
        "node_modules/mime-types": {
            "version": "2.1.35",
            "resolved": "https://registry.npmjs.org/mime-types/-/mime-types-2.1.35.tgz",
            "integrity": "sha512-ZDY+bPm5zTTF+YpCrAU9nK0UgICYPT0QtT1NZWFv4s++TNkcgVaT0g6+4R2uI4MjQjzysHB1zxuWL50hzaeXiw==",
            "dependencies": {
                "mime-db": "1.52.0"
            },
            "engines": {
                "node": ">= 0.6"
            }
        },
        "node_modules/minimatch": {
            "version": "3.1.2",
            "resolved": "https://registry.npmjs.org/minimatch/-/minimatch-3.1.2.tgz",
            "integrity": "sha512-J7p63hRiAjw1NDEww1W7i37+ByIrOWO5XQQAzZ3VOcL0PNybwpfmV/N05zFAzwQ9USyEcX6t3UO+K5aqBQOIHw==",
            "dev": true,
            "dependencies": {
                "brace-expansion": "^1.1.7"
            },
            "engines": {
                "node": "*"
            }
        },
        "node_modules/ms": {
            "version": "2.1.3",
            "resolved": "https://registry.npmjs.org/ms/-/ms-2.1.3.tgz",
            "integrity": "sha512-6FlzubTLZG3J2a/NVCAleEhjzq5oxgHyaCU9yYXvcLsvoVaHJq/s5xXI6/XXP6tz7R9xAOtHnSO/tXtF3WRTlA==",
            "dev": true
        },
        "node_modules/nan": {
            "version": "2.17.0",
            "resolved": "https://registry.npmjs.org/nan/-/nan-2.17.0.tgz",
            "integrity": "sha512-2ZTgtl0nJsO0KQCjEpxcIr5D+Yv90plTitZt9JBfQvVJDS5seMl3FOvsh3+9CoYWXf/1l5OaZzzF6nDm4cagaQ=="
        },
        "node_modules/node-addon-api": {
            "version": "3.2.1",
            "resolved": "https://registry.npmjs.org/node-addon-api/-/node-addon-api-3.2.1.tgz",
            "integrity": "sha512-mmcei9JghVNDYydghQmeDX8KoAm0FAiYyIcUt/N4nhyAipB17pllZQDOJD2fotxABnt4Mdz+dKTO7eftLg4d0A=="
        },
        "node_modules/node-gyp-build": {
            "version": "4.6.0",
            "resolved": "https://registry.npmjs.org/node-gyp-build/-/node-gyp-build-4.6.0.tgz",
            "integrity": "sha512-NTZVKn9IylLwUzaKjkas1e4u2DLNcV4rdYagA4PWdPwW87Bi7z+BznyKSRwS/761tV/lzCGXplWsiaMjLqP2zQ==",
            "bin": {
                "node-gyp-build": "bin.js",
                "node-gyp-build-optional": "optional.js",
                "node-gyp-build-test": "build-test.js"
            }
        },
        "node_modules/node-mcp23017": {
            "version": "0.1.0",
            "resolved": "https://registry.npmjs.org/node-mcp23017/-/node-mcp23017-0.1.0.tgz",
            "integrity": "sha512-H+XT8zgmhQojUQb91l8nGnYs8a6t2poyIyK15t48YngZkPf7ib8EkugiE2KXyG3RkMn2o9p/f5rAawIHYmi4HA==",
            "dependencies": {
                "i2c-bus": "^5.2.2"
            }
        },
        "node_modules/nodemon": {
            "version": "2.0.22",
            "resolved": "https://registry.npmjs.org/nodemon/-/nodemon-2.0.22.tgz",
            "integrity": "sha512-B8YqaKMmyuCO7BowF1Z1/mkPqLk6cs/l63Ojtd6otKjMx47Dq1utxfRxcavH1I7VSaL8n5BUaoutadnsX3AAVQ==",
            "dev": true,
            "dependencies": {
                "chokidar": "^3.5.2",
                "debug": "^3.2.7",
                "ignore-by-default": "^1.0.1",
                "minimatch": "^3.1.2",
                "pstree.remy": "^1.1.8",
                "semver": "^5.7.1",
                "simple-update-notifier": "^1.0.7",
                "supports-color": "^5.5.0",
                "touch": "^3.1.0",
                "undefsafe": "^2.0.5"
            },
            "bin": {
                "nodemon": "bin/nodemon.js"
            },
            "engines": {
                "node": ">=8.10.0"
            },
            "funding": {
                "type": "opencollective",
                "url": "https://opencollective.com/nodemon"
            }
        },
        "node_modules/nopt": {
            "version": "1.0.10",
            "resolved": "https://registry.npmjs.org/nopt/-/nopt-1.0.10.tgz",
            "integrity": "sha512-NWmpvLSqUrgrAC9HCuxEvb+PSloHpqVu+FqcO4eeF2h5qYRhA7ev6KvelyQAKtegUbC6RypJnlEOhd8vloNKYg==",
            "dev": true,
            "dependencies": {
                "abbrev": "1"
            },
            "bin": {
                "nopt": "bin/nopt.js"
            },
            "engines": {
                "node": "*"
            }
        },
        "node_modules/normalize-path": {
            "version": "3.0.0",
            "resolved": "https://registry.npmjs.org/normalize-path/-/normalize-path-3.0.0.tgz",
            "integrity": "sha512-6eZs5Ls3WtCisHWp9S2GUy8dqkpGi4BVSz3GaqiE6ezub0512ESztXUwUB6C6IKbQkY2Pnb/mD4WYojCRwcwLA==",
            "dev": true,
            "engines": {
                "node": ">=0.10.0"
            }
        },
        "node_modules/onoff": {
            "version": "6.0.3",
            "resolved": "https://registry.npmjs.org/onoff/-/onoff-6.0.3.tgz",
            "integrity": "sha512-xtVlwRDzswYM69bzzIui/qzu7QHsFnjsQiCV1iYVA/HXt5xdc9utc97SYAlXzK8wAhIN7+H7MaVqh2vpfdKk9A==",
            "dependencies": {
                "epoll": "^4.0.1",
                "lodash.debounce": "^4.0.8"
            },
            "engines": {
                "node": ">=10.0.0"
            }
        },
        "node_modules/picomatch": {
            "version": "2.3.1",
            "resolved": "https://registry.npmjs.org/picomatch/-/picomatch-2.3.1.tgz",
            "integrity": "sha512-JU3teHTNjmE2VCGFzuY8EXzCDVwEqB2a8fsIvwaStHhAWJEeVd1o1QD80CU6+ZdEXXSLbSsuLwJjkCBWqRQUVA==",
            "dev": true,
            "engines": {
                "node": ">=8.6"
            },
            "funding": {
                "url": "https://github.com/sponsors/jonschlinkert"
            }
        },
        "node_modules/png-js": {
            "version": "1.0.0",
            "resolved": "https://registry.npmjs.org/png-js/-/png-js-1.0.0.tgz",
            "integrity": "sha512-k+YsbhpA9e+EFfKjTCH3VW6aoKlyNYI6NYdTfDL4CIvFnvsuO84ttonmZE7rc+v23SLTH8XX+5w/Ak9v0xGY4g=="
        },
        "node_modules/proxy-from-env": {
            "version": "1.1.0",
            "resolved": "https://registry.npmjs.org/proxy-from-env/-/proxy-from-env-1.1.0.tgz",
            "integrity": "sha512-D+zkORCbA9f1tdWRK0RaCR3GPv50cMxcrz4X8k5LTSUD1Dkw47mKJEZQNunItRTkWwgtaUSo1RVFRIG9ZXiFYg=="
        },
        "node_modules/pstree.remy": {
            "version": "1.1.8",
            "resolved": "https://registry.npmjs.org/pstree.remy/-/pstree.remy-1.1.8.tgz",
            "integrity": "sha512-77DZwxQmxKnu3aR542U+X8FypNzbfJ+C5XQDk3uWjWxn6151aIMGthWYRXTqT1E5oJvg+ljaa2OJi+VfvCOQ8w==",
            "dev": true
        },
        "node_modules/readdirp": {
            "version": "3.6.0",
            "resolved": "https://registry.npmjs.org/readdirp/-/readdirp-3.6.0.tgz",
            "integrity": "sha512-hOS089on8RduqdbhvQ5Z37A0ESjsqz6qnRcffsMU3495FuTdqSm+7bhJ29JvIOsBDEEnan5DPu9t3To9VRlMzA==",
            "dev": true,
            "dependencies": {
                "picomatch": "^2.2.1"
            },
            "engines": {
                "node": ">=8.10.0"
            }
        },
        "node_modules/rpi-led-matrix": {
            "version": "1.14.0",
            "resolved": "https://registry.npmjs.org/rpi-led-matrix/-/rpi-led-matrix-1.14.0.tgz",
            "integrity": "sha512-z4Fo57l4DURkP3+JHxJHrJppO5nR3Lqz9GFr9Kp4IapIqCe+KMXnPI7em+q4v6iu67hDoXMZZ3QFZeHovgpNOg==",
            "hasInstallScript": true,
            "dependencies": {
                "bindings": "^1.5.0",
                "node-addon-api": "^3.0.0"
            },
            "engines": {
                "node": ">=10.0.0"
            }
        },
        "node_modules/rpi-ws281x-native": {
            "version": "1.0.4",
            "resolved": "https://registry.npmjs.org/rpi-ws281x-native/-/rpi-ws281x-native-1.0.4.tgz",
            "integrity": "sha512-ieClupQGt7PkIIak5bpGaYmymh5nS448LwrkumfwPoju6gTNjlC/GSyBiyq9sFE3FLixzsDhDoYzLQff6y1jXw==",
            "hasInstallScript": true,
            "dependencies": {
                "bindings": "^1.3.0",
                "nan": "^2.14.2"
            },
            "engines": {
                "node": ">=0.10.0"
            }
        },
        "node_modules/rpio": {
            "version": "2.4.2",
            "resolved": "https://registry.npmjs.org/rpio/-/rpio-2.4.2.tgz",
            "integrity": "sha512-SiWw2VorgUh+0hbu6eJkRGG+luvS9BboXz6PQl8Z49kJ+8Nn7R/b4ohybLIYSMbQqcW1WYqSooadDuv1VOAiFw==",
            "hasInstallScript": true,
            "dependencies": {
                "bindings": "~1.5.0",
                "nan": "^2.14.1"
            },
            "engines": {
                "node": ">=0.8"
            }
        },
        "node_modules/scroll-controller": {
            "version": "1.1.1",
            "resolved": "https://registry.npmjs.org/scroll-controller/-/scroll-controller-1.1.1.tgz",
            "integrity": "sha512-Sq+JmkUjMJ6vvAP869b8Y9OaEjCilt4FBo7wTlFMm5EHreh6TlZk0zIX/IlJpMvspQCZeK4hw3SHZsjwew3Mqg==",
            "dependencies": {
                "dom-eventer": "^1.0.1",
                "emitter-helper": "^1.0.0"
            }
        },
        "node_modules/semver": {
            "version": "5.7.1",
            "resolved": "https://registry.npmjs.org/semver/-/semver-5.7.1.tgz",
            "integrity": "sha512-sauaDf/PZdVgrLTNYHRtpXa1iRiKcaebiKQ1BJdpQlWH2lCvexQdX55snPFyK7QzpudqbCI0qXFfOasHdyNDGQ==",
            "dev": true,
            "bin": {
                "semver": "bin/semver"
            }
        },
        "node_modules/serialport": {
            "version": "11.0.0",
            "resolved": "https://registry.npmjs.org/serialport/-/serialport-11.0.0.tgz",
            "integrity": "sha512-bxs3XejQcOHWpzPAaXMhxVRlbem6fjNUrux3ToqrGvFR6BcjOYhqE5CsHOuutv37kmhmnuHrn+/hN+1BpTmaFg==",
            "dependencies": {
                "@serialport/binding-mock": "10.2.2",
                "@serialport/bindings-cpp": "11.0.1",
                "@serialport/parser-byte-length": "11.0.0",
                "@serialport/parser-cctalk": "11.0.0",
                "@serialport/parser-delimiter": "11.0.0",
                "@serialport/parser-inter-byte-timeout": "11.0.0",
                "@serialport/parser-packet-length": "11.0.0",
                "@serialport/parser-readline": "11.0.0",
                "@serialport/parser-ready": "11.0.0",
                "@serialport/parser-regex": "11.0.0",
                "@serialport/parser-slip-encoder": "11.0.0",
                "@serialport/parser-spacepacket": "11.0.0",
                "@serialport/stream": "11.0.0",
                "debug": "4.3.4"
            },
            "engines": {
                "node": ">=12.0.0"
            },
            "funding": {
                "url": "https://opencollective.com/serialport/donate"
            }
        },
        "node_modules/serialport/node_modules/debug": {
            "version": "4.3.4",
            "resolved": "https://registry.npmjs.org/debug/-/debug-4.3.4.tgz",
            "integrity": "sha512-PRWFHuSU3eDtQJPvnNY7Jcket1j0t5OuOsFzPPzsekD52Zl8qUfFIPEiswXqIvHWGVHOgX+7G/vCNNhehwxfkQ==",
            "dependencies": {
                "ms": "2.1.2"
            },
            "engines": {
                "node": ">=6.0"
            },
            "peerDependenciesMeta": {
                "supports-color": {
                    "optional": true
                }
            }
        },
        "node_modules/serialport/node_modules/ms": {
            "version": "2.1.2",
            "resolved": "https://registry.npmjs.org/ms/-/ms-2.1.2.tgz",
            "integrity": "sha512-sGkPx+VjMtmA6MX27oA4FBFELFCZZ4S4XqeGOXCv68tT+jb3vk/RyaKWP0PTKyWtmLSM0b+adUTEvbs1PEaH2w=="
        },
        "node_modules/simple-update-notifier": {
            "version": "1.1.0",
            "resolved": "https://registry.npmjs.org/simple-update-notifier/-/simple-update-notifier-1.1.0.tgz",
            "integrity": "sha512-VpsrsJSUcJEseSbMHkrsrAVSdvVS5I96Qo1QAQ4FxQ9wXFcB+pjj7FB7/us9+GcgfW4ziHtYMc1J0PLczb55mg==",
            "dev": true,
            "dependencies": {
                "semver": "~7.0.0"
            },
            "engines": {
                "node": ">=8.10.0"
            }
        },
        "node_modules/simple-update-notifier/node_modules/semver": {
            "version": "7.0.0",
            "resolved": "https://registry.npmjs.org/semver/-/semver-7.0.0.tgz",
            "integrity": "sha512-+GB6zVA9LWh6zovYQLALHwv5rb2PHGlJi3lfiqIHxR0uuwCgefcOJc59v9fv1w8GbStwxuuqqAjI9NMAOOgq1A==",
            "dev": true,
            "bin": {
                "semver": "bin/semver.js"
            }
        },
        "node_modules/supports-color": {
            "version": "5.5.0",
            "resolved": "https://registry.npmjs.org/supports-color/-/supports-color-5.5.0.tgz",
            "integrity": "sha512-QjVjwdXIt408MIiAqCX4oUKsgU2EqAGzs2Ppkm4aQYbjm+ZEWEcW4SfFNTr4uMNZma0ey4f5lgLrkB0aX0QMow==",
            "dev": true,
            "dependencies": {
                "has-flag": "^3.0.0"
            },
            "engines": {
                "node": ">=4"
            }
        },
        "node_modules/to-regex-range": {
            "version": "5.0.1",
            "resolved": "https://registry.npmjs.org/to-regex-range/-/to-regex-range-5.0.1.tgz",
            "integrity": "sha512-65P7iz6X5yEr1cwcgvQxbbIw7Uk3gOy5dIdtZ4rDveLqhrdJP+Li/Hx6tyK0NEb+2GCyneCMJiGqrADCSNk8sQ==",
            "dev": true,
            "dependencies": {
                "is-number": "^7.0.0"
            },
            "engines": {
                "node": ">=8.0"
            }
        },
        "node_modules/touch": {
            "version": "3.1.0",
            "resolved": "https://registry.npmjs.org/touch/-/touch-3.1.0.tgz",
            "integrity": "sha512-WBx8Uy5TLtOSRtIq+M03/sKDrXCLHxwDcquSP2c43Le03/9serjQBIztjRz6FkJez9D/hleyAXTBGLwwZUw9lA==",
            "dev": true,
            "dependencies": {
                "nopt": "~1.0.10"
            },
            "bin": {
                "nodetouch": "bin/nodetouch.js"
            }
        },
        "node_modules/undefsafe": {
            "version": "2.0.5",
            "resolved": "https://registry.npmjs.org/undefsafe/-/undefsafe-2.0.5.tgz",
            "integrity": "sha512-WxONCrssBM8TSPRqN5EmsjVrsv4A8X12J4ArBiiayv3DyyG3ZlIg6yysuuSYdZsVz3TKcTg2fd//Ujd4CHV1iA==",
            "dev": true
        }
    }
}
